// !$*UTF8*$!
{
	archiveVersion = 1;
	classes = {
	};
	objectVersion = 48;
	objects = {

/* Begin PBXBuildFile section */
		FF4F5D181F20A07400F0F124 /* Inceptionv3.mlmodel in Sources */ = {isa = PBXBuildFile; fileRef = FF4F5D171F20A07400F0F124 /* Inceptionv3.mlmodel */; };
		FF7917821F207A9C0048EADA /* AppDelegate.swift in Sources */ = {isa = PBXBuildFile; fileRef = FF7917811F207A9C0048EADA /* AppDelegate.swift */; };
		FF7917841F207A9C0048EADA /* ViewController.swift in Sources */ = {isa = PBXBuildFile; fileRef = FF7917831F207A9C0048EADA /* ViewController.swift */; };
		FF7917871F207A9C0048EADA /* Main.storyboard in Resources */ = {isa = PBXBuildFile; fileRef = FF7917851F207A9C0048EADA /* Main.storyboard */; };
		FF7917891F207A9C0048EADA /* Assets.xcassets in Resources */ = {isa = PBXBuildFile; fileRef = FF7917881F207A9C0048EADA /* Assets.xcassets */; };
		FF79178C1F207A9C0048EADA /* LaunchScreen.storyboard in Resources */ = {isa = PBXBuildFile; fileRef = FF79178A1F207A9C0048EADA /* LaunchScreen.storyboard */; };
		FFC290C5206DE33B001BEE74 /* PredictionResult.swift in Sources */ = {isa = PBXBuildFile; fileRef = FFC290C2206DE33B001BEE74 /* PredictionResult.swift */; };
		FFC290C6206DE33B001BEE74 /* PredictionService.swift in Sources */ = {isa = PBXBuildFile; fileRef = FFC290C3206DE33B001BEE74 /* PredictionService.swift */; };
		FFC290C7206DE33B001BEE74 /* UIImageExtensions.swift in Sources */ = {isa = PBXBuildFile; fileRef = FFC290C4206DE33B001BEE74 /* UIImageExtensions.swift */; };
/* End PBXBuildFile section */

/* Begin PBXFileReference section */
		FF4F5D171F20A07400F0F124 /* Inceptionv3.mlmodel */ = {isa = PBXFileReference; lastKnownFileType = file.mlmodel; name = Inceptionv3.mlmodel; path = "../../../../../Desktop/PIXEL+/CoreML/Inceptionv3.mlmodel"; sourceTree = "<group>"; };
		FF79177E1F207A9C0048EADA /* CoreMLDemo.app */ = {isa = PBXFileReference; explicitFileType = wrapper.application; includeInIndex = 0; path = CoreMLDemo.app; sourceTree = BUILT_PRODUCTS_DIR; };
		FF7917811F207A9C0048EADA /* AppDelegate.swift */ = {isa = PBXFileReference; lastKnownFileType = sourcecode.swift; path = AppDelegate.swift; sourceTree = "<group>"; };
		FF7917831F207A9C0048EADA /* ViewController.swift */ = {isa = PBXFileReference; lastKnownFileType = sourcecode.swift; path = ViewController.swift; sourceTree = "<group>"; };
		FF7917861F207A9C0048EADA /* Base */ = {isa = PBXFileReference; lastKnownFileType = file.storyboard; name = Base; path = Base.lproj/Main.storyboard; sourceTree = "<group>"; };
		FF7917881F207A9C0048EADA /* Assets.xcassets */ = {isa = PBXFileReference; lastKnownFileType = folder.assetcatalog; path = Assets.xcassets; sourceTree = "<group>"; };
		FF79178B1F207A9C0048EADA /* Base */ = {isa = PBXFileReference; lastKnownFileType = file.storyboard; name = Base; path = Base.lproj/LaunchScreen.storyboard; sourceTree = "<group>"; };
		FF79178D1F207A9C0048EADA /* Info.plist */ = {isa = PBXFileReference; lastKnownFileType = text.plist.xml; path = Info.plist; sourceTree = "<group>"; };
		FFC290C2206DE33B001BEE74 /* PredictionResult.swift */ = {isa = PBXFileReference; fileEncoding = 4; lastKnownFileType = sourcecode.swift; path = PredictionResult.swift; sourceTree = "<group>"; };
		FFC290C3206DE33B001BEE74 /* PredictionService.swift */ = {isa = PBXFileReference; fileEncoding = 4; lastKnownFileType = sourcecode.swift; path = PredictionService.swift; sourceTree = "<group>"; };
		FFC290C4206DE33B001BEE74 /* UIImageExtensions.swift */ = {isa = PBXFileReference; fileEncoding = 4; lastKnownFileType = sourcecode.swift; path = UIImageExtensions.swift; sourceTree = "<group>"; };
/* End PBXFileReference section */

/* Begin PBXFrameworksBuildPhase section */
		FF79177B1F207A9C0048EADA /* Frameworks */ = {
			isa = PBXFrameworksBuildPhase;
			buildActionMask = 2147483647;
			files = (
			);
			runOnlyForDeploymentPostprocessing = 0;
		};
/* End PBXFrameworksBuildPhase section */

/* Begin PBXGroup section */
		FF7917751F207A9C0048EADA = {
			isa = PBXGroup;
			children = (
				FF7917801F207A9C0048EADA /* CoreMLDemo */,
				FF79177F1F207A9C0048EADA /* Products */,
			);
			sourceTree = "<group>";
		};
		FF79177F1F207A9C0048EADA /* Products */ = {
			isa = PBXGroup;
			children = (
				FF79177E1F207A9C0048EADA /* CoreMLDemo.app */,
			);
			name = Products;
			sourceTree = "<group>";
		};
		FF7917801F207A9C0048EADA /* CoreMLDemo */ = {
			isa = PBXGroup;
			children = (
				FFC290C2206DE33B001BEE74 /* PredictionResult.swift */,
				FFC290C3206DE33B001BEE74 /* PredictionService.swift */,
				FFC290C4206DE33B001BEE74 /* UIImageExtensions.swift */,
				FF7917811F207A9C0048EADA /* AppDelegate.swift */,
				FF7917831F207A9C0048EADA /* ViewController.swift */,
				FF4F5D171F20A07400F0F124 /* Inceptionv3.mlmodel */,
				FF7917851F207A9C0048EADA /* Main.storyboard */,
				FF7917881F207A9C0048EADA /* Assets.xcassets */,
				FF79178A1F207A9C0048EADA /* LaunchScreen.storyboard */,
				FF79178D1F207A9C0048EADA /* Info.plist */,
			);
			path = CoreMLDemo;
			sourceTree = "<group>";
		};
/* End PBXGroup section */

/* Begin PBXNativeTarget section */
		FF79177D1F207A9C0048EADA /* CoreMLDemo */ = {
			isa = PBXNativeTarget;
			buildConfigurationList = FF7917901F207A9C0048EADA /* Build configuration list for PBXNativeTarget "CoreMLDemo" */;
			buildPhases = (
				FF79177A1F207A9C0048EADA /* Sources */,
				FF79177B1F207A9C0048EADA /* Frameworks */,
				FF79177C1F207A9C0048EADA /* Resources */,
			);
			buildRules = (
			);
			dependencies = (
			);
			name = CoreMLDemo;
			productName = CoreMLDemo;
			productReference = FF79177E1F207A9C0048EADA /* CoreMLDemo.app */;
			productType = "com.apple.product-type.application";
		};
/* End PBXNativeTarget section */

/* Begin PBXProject section */
		FF7917761F207A9C0048EADA /* Project object */ = {
			isa = PBXProject;
			attributes = {
				LastSwiftUpdateCheck = 0900;
				LastUpgradeCheck = 0900;
				ORGANIZATIONNAME = dgpCharles;
				TargetAttributes = {
					FF79177D1F207A9C0048EADA = {
						CreatedOnToolsVersion = 9.0;
					};
				};
			};
			buildConfigurationList = FF7917791F207A9C0048EADA /* Build configuration list for PBXProject "CoreMLDemo" */;
			compatibilityVersion = "Xcode 8.0";
			developmentRegion = en;
			hasScannedForEncodings = 0;
			knownRegions = (
				en,
				Base,
			);
			mainGroup = FF7917751F207A9C0048EADA;
			productRefGroup = FF79177F1F207A9C0048EADA /* Products */;
			projectDirPath = "";
			projectRoot = "";
			targets = (
				FF79177D1F207A9C0048EADA /* CoreMLDemo */,
			);
		};
/* End PBXProject section */

/* Begin PBXResourcesBuildPhase section */
		FF79177C1F207A9C0048EADA /* Resources */ = {
			isa = PBXResourcesBuildPhase;
			buildActionMask = 2147483647;
			files = (
				FF79178C1F207A9C0048EADA /* LaunchScreen.storyboard in Resources */,
				FF7917891F207A9C0048EADA /* Assets.xcassets in Resources */,
				FF7917871F207A9C0048EADA /* Main.storyboard in Resources */,
			);
			runOnlyForDeploymentPostprocessing = 0;
		};
/* End PBXResourcesBuildPhase section */

/* Begin PBXSourcesBuildPhase section */
		FF79177A1F207A9C0048EADA /* Sources */ = {
			isa = PBXSourcesBuildPhase;
			buildActionMask = 2147483647;
			files = (
				FFC290C7206DE33B001BEE74 /* UIImageExtensions.swift in Sources */,
				FFC290C5206DE33B001BEE74 /* PredictionResult.swift in Sources */,
				FF7917841F207A9C0048EADA /* ViewController.swift in Sources */,
				FFC290C6206DE33B001BEE74 /* PredictionService.swift in Sources */,
				FF4F5D181F20A07400F0F124 /* Inceptionv3.mlmodel in Sources */,
				FF7917821F207A9C0048EADA /* AppDelegate.swift in Sources */,
			);
			runOnlyForDeploymentPostprocessing = 0;
		};
/* End PBXSourcesBuildPhase section */

/* Begin PBXVariantGroup section */
		FF7917851F207A9C0048EADA /* Main.storyboard */ = {
			isa = PBXVariantGroup;
			children = (
				FF7917861F207A9C0048EADA /* Base */,
			);
			name = Main.storyboard;
			sourceTree = "<group>";
		};
		FF79178A1F207A9C0048EADA /* LaunchScreen.storyboard */ = {
			isa = PBXVariantGroup;
			children = (
				FF79178B1F207A9C0048EADA /* Base */,
			);
			name = LaunchScreen.storyboard;
			sourceTree = "<group>";
		};
/* End PBXVariantGroup section */

/* Begin XCBuildConfiguration section */
		FF79178E1F207A9C0048EADA /* Debug */ = {
			isa = XCBuildConfiguration;
			buildSettings = {
				ALWAYS_SEARCH_USER_PATHS = NO;
				CLANG_ANALYZER_NONNULL = YES;
				CLANG_ANALYZER_NUMBER_OBJECT_CONVERSION = YES_AGGRESSIVE;
				CLANG_CXX_LANGUAGE_STANDARD = "gnu++14";
				CLANG_CXX_LIBRARY = "libc++";
				CLANG_ENABLE_MODULES = YES;
				CLANG_ENABLE_OBJC_ARC = YES;
				CLANG_WARN_BLOCK_CAPTURE_AUTORELEASING = YES;
				CLANG_WARN_BOOL_CONVERSION = YES;
				CLANG_WARN_COMMA = YES;
				CLANG_WARN_CONSTANT_CONVERSION = YES;
				CLANG_WARN_DIRECT_OBJC_ISA_USAGE = YES_ERROR;
				CLANG_WARN_DOCUMENTATION_COMMENTS = YES;
				CLANG_WARN_EMPTY_BODY = YES;
				CLANG_WARN_ENUM_CONVERSION = YES;
				CLANG_WARN_INFINITE_RECURSION = YES;
				CLANG_WARN_INT_CONVERSION = YES;
				CLANG_WARN_OBJC_ROOT_CLASS = YES_ERROR;
				CLANG_WARN_RANGE_LOOP_ANALYSIS = YES;
				CLANG_WARN_STRICT_PROTOTYPES = YES;
				CLANG_WARN_SUSPICIOUS_MOVE = YES;
				CLANG_WARN_UNGUARDED_AVAILABILITY = YES_AGGRESSIVE;
				CLANG_WARN_UNREACHABLE_CODE = YES;
				CLANG_WARN__DUPLICATE_METHOD_MATCH = YES;
				CODE_SIGN_IDENTITY = "iPhone Developer";
				COPY_PHASE_STRIP = NO;
				DEBUG_INFORMATION_FORMAT = dwarf;
				ENABLE_STRICT_OBJC_MSGSEND = YES;
				ENABLE_TESTABILITY = YES;
				GCC_C_LANGUAGE_STANDARD = gnu11;
				GCC_DYNAMIC_NO_PIC = NO;
				GCC_NO_COMMON_BLOCKS = YES;
				GCC_OPTIMIZATION_LEVEL = 0;
				GCC_PREPROCESSOR_DEFINITIONS = (
					"DEBUG=1",
					"$(inherited)",
				);
				GCC_WARN_64_TO_32_BIT_CONVERSION = YES;
				GCC_WARN_ABOUT_RETURN_TYPE = YES_ERROR;
				GCC_WARN_UNDECLARED_SELECTOR = YES;
				GCC_WARN_UNINITIALIZED_AUTOS = YES_AGGRESSIVE;
				GCC_WARN_UNUSED_FUNCTION = YES;
				GCC_WARN_UNUSED_VARIABLE = YES;
				IPHONEOS_DEPLOYMENT_TARGET = 11.0;
				MTL_ENABLE_DEBUG_INFO = YES;
				ONLY_ACTIVE_ARCH = YES;
				SDKROOT = iphoneos;
				SWIFT_ACTIVE_COMPILATION_CONDITIONS = DEBUG;
				SWIFT_OPTIMIZATION_LEVEL = "-Onone";
			};
			name = Debug;
		};
		FF79178F1F207A9C0048EADA /* Release */ = {
			isa = XCBuildConfiguration;
			buildSettings = {
				ALWAYS_SEARCH_USER_PATHS = NO;
				CLANG_ANALYZER_NONNULL = YES;
				CLANG_ANALYZER_NUMBER_OBJECT_CONVERSION = YES_AGGRESSIVE;
				CLANG_CXX_LANGUAGE_STANDARD = "gnu++14";
				CLANG_CXX_LIBRARY = "libc++";
				CLANG_ENABLE_MODULES = YES;
				CLANG_ENABLE_OBJC_ARC = YES;
				CLANG_WARN_BLOCK_CAPTURE_AUTORELEASING = YES;
				CLANG_WARN_BOOL_CONVERSION = YES;
				CLANG_WARN_COMMA = YES;
				CLANG_WARN_CONSTANT_CONVERSION = YES;
				CLANG_WARN_DIRECT_OBJC_ISA_USAGE = YES_ERROR;
				CLANG_WARN_DOCUMENTATION_COMMENTS = YES;
				CLANG_WARN_EMPTY_BODY = YES;
				CLANG_WARN_ENUM_CONVERSION = YES;
				CLANG_WARN_INFINITE_RECURSION = YES;
				CLANG_WARN_INT_CONVERSION = YES;
				CLANG_WARN_OBJC_ROOT_CLASS = YES_ERROR;
				CLANG_WARN_RANGE_LOOP_ANALYSIS = YES;
				CLANG_WARN_STRICT_PROTOTYPES = YES;
				CLANG_WARN_SUSPICIOUS_MOVE = YES;
				CLANG_WARN_UNGUARDED_AVAILABILITY = YES_AGGRESSIVE;
				CLANG_WARN_UNREACHABLE_CODE = YES;
				CLANG_WARN__DUPLICATE_METHOD_MATCH = YES;
				CODE_SIGN_IDENTITY = "iPhone Developer";
				COPY_PHASE_STRIP = NO;
				DEBUG_INFORMATION_FORMAT = "dwarf-with-dsym";
				ENABLE_NS_ASSERTIONS = NO;
				ENABLE_STRICT_OBJC_MSGSEND = YES;
				GCC_C_LANGUAGE_STANDARD = gnu11;
				GCC_NO_COMMON_BLOCKS = YES;
				GCC_WARN_64_TO_32_BIT_CONVERSION = YES;
				GCC_WARN_ABOUT_RETURN_TYPE = YES_ERROR;
				GCC_WARN_UNDECLARED_SELECTOR = YES;
				GCC_WARN_UNINITIALIZED_AUTOS = YES_AGGRESSIVE;
				GCC_WARN_UNUSED_FUNCTION = YES;
				GCC_WARN_UNUSED_VARIABLE = YES;
				IPHONEOS_DEPLOYMENT_TARGET = 11.0;
				MTL_ENABLE_DEBUG_INFO = NO;
				SDKROOT = iphoneos;
				SWIFT_OPTIMIZATION_LEVEL = "-Owholemodule";
				VALIDATE_PRODUCT = YES;
			};
			name = Release;
		};
		FF7917911F207A9C0048EADA /* Debug */ = {
			isa = XCBuildConfiguration;
			buildSettings = {
				ASSETCATALOG_COMPILER_APPICON_NAME = AppIcon;
				DEVELOPMENT_TEAM = F95PTPD9AJ;
				INFOPLIST_FILE = CoreMLDemo/Info.plist;
				LD_RUNPATH_SEARCH_PATHS = "$(inherited) @executable_path/Frameworks";
				PRODUCT_BUNDLE_IDENTIFIER = com.dgpCharles.CoreMLDemo;
				PRODUCT_NAME = "$(TARGET_NAME)";
				SWIFT_VERSION = 4.0;
				TARGETED_DEVICE_FAMILY = "1,2";
			};
			name = Debug;
		};
		FF7917921F207A9C0048EADA /* Release */ = {
			isa = XCBuildConfiguration;
			buildSettings = {
				ASSETCATALOG_COMPILER_APPICON_NAME = AppIcon;
				DEVELOPMENT_TEAM = F95PTPD9AJ;
				INFOPLIST_FILE = CoreMLDemo/Info.plist;
				LD_RUNPATH_SEARCH_PATHS = "$(inherited) @executable_path/Frameworks";
				PRODUCT_BUNDLE_IDENTIFIER = com.dgpCharles.CoreMLDemo;
				PRODUCT_NAME = "$(TARGET_NAME)";
				SWIFT_VERSION = 4.0;
				TARGETED_DEVICE_FAMILY = "1,2";
			};
			name = Release;
		};
/* End XCBuildConfiguration section */

/* Begin XCConfigurationList section */
		FF7917791F207A9C0048EADA /* Build configuration list for PBXProject "CoreMLDemo" */ = {
			isa = XCConfigurationList;
			buildConfigurations = (
				FF79178E1F207A9C0048EADA /* Debug */,
				FF79178F1F207A9C0048EADA /* Release */,
			);
			defaultConfigurationIsVisible = 0;
			defaultConfigurationName = Release;
		};
		FF7917901F207A9C0048EADA /* Build configuration list for PBXNativeTarget "CoreMLDemo" */ = {
			isa = XCConfigurationList;
			buildConfigurations = (
				FF7917911F207A9C0048EADA /* Debug */,
				FF7917921F207A9C0048EADA /* Release */,
			);
			defaultConfigurationIsVisible = 0;
			defaultConfigurationName = Release;
		};
/* End XCConfigurationList section */
	};
	rootObject = FF7917761F207A9C0048EADA /* Project object */;
}
